// !$*UTF8*$!
{
	archiveVersion = 1;
	classes = {
	};
	objectVersion = 55;
	objects = {

/* Begin PBXBuildFile section */
		0A3AB17128A36D8000D12784 /* Weathe_SwiftUIApp.swift in Sources */ = {isa = PBXBuildFile; fileRef = 0A3AB17028A36D8000D12784 /* Weathe_SwiftUIApp.swift */; };
		0A3AB17328A36D8000D12784 /* ContentView.swift in Sources */ = {isa = PBXBuildFile; fileRef = 0A3AB17228A36D8000D12784 /* ContentView.swift */; };
		0A3AB17528A36D8200D12784 /* Assets.xcassets in Resources */ = {isa = PBXBuildFile; fileRef = 0A3AB17428A36D8200D12784 /* Assets.xcassets */; };
		0A3AB17828A36D8200D12784 /* Preview Assets.xcassets in Resources */ = {isa = PBXBuildFile; fileRef = 0A3AB17728A36D8200D12784 /* Preview Assets.xcassets */; };
		0A3AB18628A3705F00D12784 /* Extensions.swift in Sources */ = {isa = PBXBuildFile; fileRef = 0A3AB18528A3705F00D12784 /* Extensions.swift */; };
		0A3AB18828A378CC00D12784 /* HomeView.swift in Sources */ = {isa = PBXBuildFile; fileRef = 0A3AB18728A378CC00D12784 /* HomeView.swift */; };
		0A3AB18A28A3B7EB00D12784 /* TabBar.swift in Sources */ = {isa = PBXBuildFile; fileRef = 0A3AB18928A3B7EB00D12784 /* TabBar.swift */; };
		0A3AB18C28A3BBF200D12784 /* Shapes.swift in Sources */ = {isa = PBXBuildFile; fileRef = 0A3AB18B28A3BBF200D12784 /* Shapes.swift */; };
		0A3AB18F28A3FD2D00D12784 /* BottomSheet in Frameworks */ = {isa = PBXBuildFile; productRef = 0A3AB18E28A3FD2D00D12784 /* BottomSheet */; };
		0AC304C628A3FFE900F683DD /* ForecastView.swift in Sources */ = {isa = PBXBuildFile; fileRef = 0AC304C528A3FFE900F683DD /* ForecastView.swift */; };
		0AC304C828A403EB00F683DD /* Blur.swift in Sources */ = {isa = PBXBuildFile; fileRef = 0AC304C728A403EB00F683DD /* Blur.swift */; };
/* End PBXBuildFile section */

/* Begin PBXFileReference section */
		0A3AB16D28A36D8000D12784 /* Weathe_SwiftUI.app */ = {isa = PBXFileReference; explicitFileType = wrapper.application; includeInIndex = 0; path = Weathe_SwiftUI.app; sourceTree = BUILT_PRODUCTS_DIR; };
		0A3AB17028A36D8000D12784 /* Weathe_SwiftUIApp.swift */ = {isa = PBXFileReference; lastKnownFileType = sourcecode.swift; path = Weathe_SwiftUIApp.swift; sourceTree = "<group>"; };
		0A3AB17228A36D8000D12784 /* ContentView.swift */ = {isa = PBXFileReference; lastKnownFileType = sourcecode.swift; path = ContentView.swift; sourceTree = "<group>"; };
		0A3AB17428A36D8200D12784 /* Assets.xcassets */ = {isa = PBXFileReference; lastKnownFileType = folder.assetcatalog; path = Assets.xcassets; sourceTree = "<group>"; };
		0A3AB17728A36D8200D12784 /* Preview Assets.xcassets */ = {isa = PBXFileReference; lastKnownFileType = folder.assetcatalog; path = "Preview Assets.xcassets"; sourceTree = "<group>"; };
		0A3AB18528A3705F00D12784 /* Extensions.swift */ = {isa = PBXFileReference; lastKnownFileType = sourcecode.swift; path = Extensions.swift; sourceTree = "<group>"; };
		0A3AB18728A378CC00D12784 /* HomeView.swift */ = {isa = PBXFileReference; lastKnownFileType = sourcecode.swift; path = HomeView.swift; sourceTree = "<group>"; };
		0A3AB18928A3B7EB00D12784 /* TabBar.swift */ = {isa = PBXFileReference; lastKnownFileType = sourcecode.swift; path = TabBar.swift; sourceTree = "<group>"; };
		0A3AB18B28A3BBF200D12784 /* Shapes.swift */ = {isa = PBXFileReference; lastKnownFileType = sourcecode.swift; path = Shapes.swift; sourceTree = "<group>"; };
		0AC304C528A3FFE900F683DD /* ForecastView.swift */ = {isa = PBXFileReference; lastKnownFileType = sourcecode.swift; path = ForecastView.swift; sourceTree = "<group>"; };
		0AC304C728A403EB00F683DD /* Blur.swift */ = {isa = PBXFileReference; lastKnownFileType = sourcecode.swift; path = Blur.swift; sourceTree = "<group>"; };
/* End PBXFileReference section */

/* Begin PBXFrameworksBuildPhase section */
		0A3AB16A28A36D8000D12784 /* Frameworks */ = {
			isa = PBXFrameworksBuildPhase;
			buildActionMask = 2147483647;
			files = (
				0A3AB18F28A3FD2D00D12784 /* BottomSheet in Frameworks */,
			);
			runOnlyForDeploymentPostprocessing = 0;
		};
/* End PBXFrameworksBuildPhase section */

/* Begin PBXGroup section */
		0A3AB16428A36D8000D12784 = {
			isa = PBXGroup;
			children = (
				0A3AB16F28A36D8000D12784 /* Weathe_SwiftUI */,
				0A3AB16E28A36D8000D12784 /* Products */,
			);
			sourceTree = "<group>";
		};
		0A3AB16E28A36D8000D12784 /* Products */ = {
			isa = PBXGroup;
			children = (
				0A3AB16D28A36D8000D12784 /* Weathe_SwiftUI.app */,
			);
			name = Products;
			sourceTree = "<group>";
		};
		0A3AB16F28A36D8000D12784 /* Weathe_SwiftUI */ = {
			isa = PBXGroup;
			children = (
				0A3AB17E28A36F6C00D12784 /* Views */,
				0A3AB17F28A36F7500D12784 /* Models */,
				0A3AB18028A36F7F00D12784 /* Utils */,
				0A3AB17028A36D8000D12784 /* Weathe_SwiftUIApp.swift */,
				0A3AB17428A36D8200D12784 /* Assets.xcassets */,
				0A3AB17628A36D8200D12784 /* Preview Content */,
			);
			path = Weathe_SwiftUI;
			sourceTree = "<group>";
		};
		0A3AB17628A36D8200D12784 /* Preview Content */ = {
			isa = PBXGroup;
			children = (
				0A3AB17728A36D8200D12784 /* Preview Assets.xcassets */,
			);
			path = "Preview Content";
			sourceTree = "<group>";
		};
		0A3AB17E28A36F6C00D12784 /* Views */ = {
			isa = PBXGroup;
			children = (
				0A3AB18128A36F9400D12784 /* Main */,
				0A3AB18228A36FA100D12784 /* Navigation */,
				0A3AB18328A36FB100D12784 /* Detail */,
				0A3AB18428A36FC100D12784 /* Components */,
			);
			path = Views;
			sourceTree = "<group>";
		};
		0A3AB17F28A36F7500D12784 /* Models */ = {
			isa = PBXGroup;
			children = (
				0AC304C528A3FFE900F683DD /* ForecastView.swift */,
			);
			path = Models;
			sourceTree = "<group>";
		};
		0A3AB18028A36F7F00D12784 /* Utils */ = {
			isa = PBXGroup;
			children = (
				0A3AB18528A3705F00D12784 /* Extensions.swift */,
				0A3AB18B28A3BBF200D12784 /* Shapes.swift */,
			);
			path = Utils;
			sourceTree = "<group>";
		};
		0A3AB18128A36F9400D12784 /* Main */ = {
			isa = PBXGroup;
			children = (
				0A3AB17228A36D8000D12784 /* ContentView.swift */,
				0A3AB18728A378CC00D12784 /* HomeView.swift */,
			);
			path = Main;
			sourceTree = "<group>";
		};
		0A3AB18228A36FA100D12784 /* Navigation */ = {
			isa = PBXGroup;
			children = (
				0A3AB18928A3B7EB00D12784 /* TabBar.swift */,
			);
			path = Navigation;
			sourceTree = "<group>";
		};
		0A3AB18328A36FB100D12784 /* Detail */ = {
			isa = PBXGroup;
			children = (
			);
			path = Detail;
			sourceTree = "<group>";
		};
		0A3AB18428A36FC100D12784 /* Components */ = {
			isa = PBXGroup;
			children = (
				0AC304C728A403EB00F683DD /* Blur.swift */,
			);
			path = Components;
			sourceTree = "<group>";
		};
/* End PBXGroup section */

/* Begin PBXNativeTarget section */
		0A3AB16C28A36D8000D12784 /* Weathe_SwiftUI */ = {
			isa = PBXNativeTarget;
			buildConfigurationList = 0A3AB17B28A36D8200D12784 /* Build configuration list for PBXNativeTarget "Weathe_SwiftUI" */;
			buildPhases = (
				0A3AB16928A36D8000D12784 /* Sources */,
				0A3AB16A28A36D8000D12784 /* Frameworks */,
				0A3AB16B28A36D8000D12784 /* Resources */,
			);
			buildRules = (
			);
			dependencies = (
			);
			name = Weathe_SwiftUI;
			packageProductDependencies = (
				0A3AB18E28A3FD2D00D12784 /* BottomSheet */,
			);
			productName = Weathe_SwiftUI;
			productReference = 0A3AB16D28A36D8000D12784 /* Weathe_SwiftUI.app */;
			productType = "com.apple.product-type.application";
		};
/* End PBXNativeTarget section */

/* Begin PBXProject section */
		0A3AB16528A36D8000D12784 /* Project object */ = {
			isa = PBXProject;
			attributes = {
				BuildIndependentTargetsInParallel = 1;
				LastSwiftUpdateCheck = 1340;
				LastUpgradeCheck = 1340;
				TargetAttributes = {
					0A3AB16C28A36D8000D12784 = {
						CreatedOnToolsVersion = 13.4.1;
					};
				};
			};
			buildConfigurationList = 0A3AB16828A36D8000D12784 /* Build configuration list for PBXProject "Weathe_SwiftUI" */;
			compatibilityVersion = "Xcode 13.0";
			developmentRegion = en;
			hasScannedForEncodings = 0;
			knownRegions = (
				en,
				Base,
			);
			mainGroup = 0A3AB16428A36D8000D12784;
			packageReferences = (
				0A3AB18D28A3FD2D00D12784 /* XCRemoteSwiftPackageReference "bottomSheet" */,
			);
			productRefGroup = 0A3AB16E28A36D8000D12784 /* Products */;
			projectDirPath = "";
			projectRoot = "";
			targets = (
				0A3AB16C28A36D8000D12784 /* Weathe_SwiftUI */,
			);
		};
/* End PBXProject section */

/* Begin PBXResourcesBuildPhase section */
		0A3AB16B28A36D8000D12784 /* Resources */ = {
			isa = PBXResourcesBuildPhase;
			buildActionMask = 2147483647;
			files = (
				0A3AB17828A36D8200D12784 /* Preview Assets.xcassets in Resources */,
				0A3AB17528A36D8200D12784 /* Assets.xcassets in Resources */,
			);
			runOnlyForDeploymentPostprocessing = 0;
		};
/* End PBXResourcesBuildPhase section */

/* Begin PBXSourcesBuildPhase section */
		0A3AB16928A36D8000D12784 /* Sources */ = {
			isa = PBXSourcesBuildPhase;
			buildActionMask = 2147483647;
			files = (
				0A3AB17328A36D8000D12784 /* ContentView.swift in Sources */,
				0A3AB18828A378CC00D12784 /* HomeView.swift in Sources */,
				0AC304C828A403EB00F683DD /* Blur.swift in Sources */,
				0A3AB18628A3705F00D12784 /* Extensions.swift in Sources */,
				0A3AB17128A36D8000D12784 /* Weathe_SwiftUIApp.swift in Sources */,
				0AC304C628A3FFE900F683DD /* ForecastView.swift in Sources */,
				0A3AB18A28A3B7EB00D12784 /* TabBar.swift in Sources */,
				0A3AB18C28A3BBF200D12784 /* Shapes.swift in Sources */,
			);
			runOnlyForDeploymentPostprocessing = 0;
		};
/* End PBXSourcesBuildPhase section */

/* Begin XCBuildConfiguration section */
		0A3AB17928A36D8200D12784 /* Debug */ = {
			isa = XCBuildConfiguration;
			buildSettings = {
				ALWAYS_SEARCH_USER_PATHS = NO;
				CLANG_ANALYZER_NONNULL = YES;
				CLANG_ANALYZER_NUMBER_OBJECT_CONVERSION = YES_AGGRESSIVE;
				CLANG_CXX_LANGUAGE_STANDARD = "gnu++17";
				CLANG_ENABLE_MODULES = YES;
				CLANG_ENABLE_OBJC_ARC = YES;
				CLANG_ENABLE_OBJC_WEAK = YES;
				CLANG_WARN_BLOCK_CAPTURE_AUTORELEASING = YES;
				CLANG_WARN_BOOL_CONVERSION = YES;
				CLANG_WARN_COMMA = YES;
				CLANG_WARN_CONSTANT_CONVERSION = YES;
				CLANG_WARN_DEPRECATED_OBJC_IMPLEMENTATIONS = YES;
				CLANG_WARN_DIRECT_OBJC_ISA_USAGE = YES_ERROR;
				CLANG_WARN_DOCUMENTATION_COMMENTS = YES;
				CLANG_WARN_EMPTY_BODY = YES;
				CLANG_WARN_ENUM_CONVERSION = YES;
				CLANG_WARN_INFINITE_RECURSION = YES;
				CLANG_WARN_INT_CONVERSION = YES;
				CLANG_WARN_NON_LITERAL_NULL_CONVERSION = YES;
				CLANG_WARN_OBJC_IMPLICIT_RETAIN_SELF = YES;
				CLANG_WARN_OBJC_LITERAL_CONVERSION = YES;
				CLANG_WARN_OBJC_ROOT_CLASS = YES_ERROR;
				CLANG_WARN_QUOTED_INCLUDE_IN_FRAMEWORK_HEADER = YES;
				CLANG_WARN_RANGE_LOOP_ANALYSIS = YES;
				CLANG_WARN_STRICT_PROTOTYPES = YES;
				CLANG_WARN_SUSPICIOUS_MOVE = YES;
				CLANG_WARN_UNGUARDED_AVAILABILITY = YES_AGGRESSIVE;
				CLANG_WARN_UNREACHABLE_CODE = YES;
				CLANG_WARN__DUPLICATE_METHOD_MATCH = YES;
				COPY_PHASE_STRIP = NO;
				DEBUG_INFORMATION_FORMAT = dwarf;
				ENABLE_STRICT_OBJC_MSGSEND = YES;
				ENABLE_TESTABILITY = YES;
				GCC_C_LANGUAGE_STANDARD = gnu11;
				GCC_DYNAMIC_NO_PIC = NO;
				GCC_NO_COMMON_BLOCKS = YES;
				GCC_OPTIMIZATION_LEVEL = 0;
				GCC_PREPROCESSOR_DEFINITIONS = (
					"DEBUG=1",
					"$(inherited)",
				);
				GCC_WARN_64_TO_32_BIT_CONVERSION = YES;
				GCC_WARN_ABOUT_RETURN_TYPE = YES_ERROR;
				GCC_WARN_UNDECLARED_SELECTOR = YES;
				GCC_WARN_UNINITIALIZED_AUTOS = YES_AGGRESSIVE;
				GCC_WARN_UNUSED_FUNCTION = YES;
				GCC_WARN_UNUSED_VARIABLE = YES;
				IPHONEOS_DEPLOYMENT_TARGET = 15.5;
				MTL_ENABLE_DEBUG_INFO = INCLUDE_SOURCE;
				MTL_FAST_MATH = YES;
				ONLY_ACTIVE_ARCH = YES;
				SDKROOT = iphoneos;
				SWIFT_ACTIVE_COMPILATION_CONDITIONS = DEBUG;
				SWIFT_OPTIMIZATION_LEVEL = "-Onone";
			};
			name = Debug;
		};
		0A3AB17A28A36D8200D12784 /* Release */ = {
			isa = XCBuildConfiguration;
			buildSettings = {
				ALWAYS_SEARCH_USER_PATHS = NO;
				CLANG_ANALYZER_NONNULL = YES;
				CLANG_ANALYZER_NUMBER_OBJECT_CONVERSION = YES_AGGRESSIVE;
				CLANG_CXX_LANGUAGE_STANDARD = "gnu++17";
				CLANG_ENABLE_MODULES = YES;
				CLANG_ENABLE_OBJC_ARC = YES;
				CLANG_ENABLE_OBJC_WEAK = YES;
				CLANG_WARN_BLOCK_CAPTURE_AUTORELEASING = YES;
				CLANG_WARN_BOOL_CONVERSION = YES;
				CLANG_WARN_COMMA = YES;
				CLANG_WARN_CONSTANT_CONVERSION = YES;
				CLANG_WARN_DEPRECATED_OBJC_IMPLEMENTATIONS = YES;
				CLANG_WARN_DIRECT_OBJC_ISA_USAGE = YES_ERROR;
				CLANG_WARN_DOCUMENTATION_COMMENTS = YES;
				CLANG_WARN_EMPTY_BODY = YES;
				CLANG_WARN_ENUM_CONVERSION = YES;
				CLANG_WARN_INFINITE_RECURSION = YES;
				CLANG_WARN_INT_CONVERSION = YES;
				CLANG_WARN_NON_LITERAL_NULL_CONVERSION = YES;
				CLANG_WARN_OBJC_IMPLICIT_RETAIN_SELF = YES;
				CLANG_WARN_OBJC_LITERAL_CONVERSION = YES;
				CLANG_WARN_OBJC_ROOT_CLASS = YES_ERROR;
				CLANG_WARN_QUOTED_INCLUDE_IN_FRAMEWORK_HEADER = YES;
				CLANG_WARN_RANGE_LOOP_ANALYSIS = YES;
				CLANG_WARN_STRICT_PROTOTYPES = YES;
				CLANG_WARN_SUSPICIOUS_MOVE = YES;
				CLANG_WARN_UNGUARDED_AVAILABILITY = YES_AGGRESSIVE;
				CLANG_WARN_UNREACHABLE_CODE = YES;
				CLANG_WARN__DUPLICATE_METHOD_MATCH = YES;
				COPY_PHASE_STRIP = NO;
				DEBUG_INFORMATION_FORMAT = "dwarf-with-dsym";
				ENABLE_NS_ASSERTIONS = NO;
				ENABLE_STRICT_OBJC_MSGSEND = YES;
				GCC_C_LANGUAGE_STANDARD = gnu11;
				GCC_NO_COMMON_BLOCKS = YES;
				GCC_WARN_64_TO_32_BIT_CONVERSION = YES;
				GCC_WARN_ABOUT_RETURN_TYPE = YES_ERROR;
				GCC_WARN_UNDECLARED_SELECTOR = YES;
				GCC_WARN_UNINITIALIZED_AUTOS = YES_AGGRESSIVE;
				GCC_WARN_UNUSED_FUNCTION = YES;
				GCC_WARN_UNUSED_VARIABLE = YES;
				IPHONEOS_DEPLOYMENT_TARGET = 15.5;
				MTL_ENABLE_DEBUG_INFO = NO;
				MTL_FAST_MATH = YES;
				SDKROOT = iphoneos;
				SWIFT_COMPILATION_MODE = wholemodule;
				SWIFT_OPTIMIZATION_LEVEL = "-O";
				VALIDATE_PRODUCT = YES;
			};
			name = Release;
		};
		0A3AB17C28A36D8200D12784 /* Debug */ = {
			isa = XCBuildConfiguration;
			buildSettings = {
				ASSETCATALOG_COMPILER_APPICON_NAME = AppIcon;
				ASSETCATALOG_COMPILER_GLOBAL_ACCENT_COLOR_NAME = AccentColor;
				CODE_SIGN_STYLE = Automatic;
				CURRENT_PROJECT_VERSION = 1;
				DEVELOPMENT_ASSET_PATHS = "\"Weathe_SwiftUI/Preview Content\"";
				DEVELOPMENT_TEAM = S9H5A5QY2N;
				ENABLE_PREVIEWS = YES;
				GENERATE_INFOPLIST_FILE = YES;
				INFOPLIST_KEY_UIApplicationSceneManifest_Generation = YES;
				INFOPLIST_KEY_UIApplicationSupportsIndirectInputEvents = YES;
				INFOPLIST_KEY_UILaunchScreen_Generation = YES;
				INFOPLIST_KEY_UISupportedInterfaceOrientations_iPad = "UIInterfaceOrientationPortrait UIInterfaceOrientationPortraitUpsideDown UIInterfaceOrientationLandscapeLeft UIInterfaceOrientationLandscapeRight";
				INFOPLIST_KEY_UISupportedInterfaceOrientations_iPhone = "UIInterfaceOrientationPortrait UIInterfaceOrientationLandscapeLeft UIInterfaceOrientationLandscapeRight";
				LD_RUNPATH_SEARCH_PATHS = (
					"$(inherited)",
					"@executable_path/Frameworks",
				);
				MARKETING_VERSION = 1.0;
				PRODUCT_BUNDLE_IDENTIFIER = "com.terentyev.va.Weathe-SwiftUI";
				PRODUCT_NAME = "$(TARGET_NAME)";
				SWIFT_EMIT_LOC_STRINGS = YES;
				SWIFT_VERSION = 5.0;
				TARGETED_DEVICE_FAMILY = "1,2";
			};
			name = Debug;
		};
		0A3AB17D28A36D8200D12784 /* Release */ = {
			isa = XCBuildConfiguration;
			buildSettings = {
				ASSETCATALOG_COMPILER_APPICON_NAME = AppIcon;
				ASSETCATALOG_COMPILER_GLOBAL_ACCENT_COLOR_NAME = AccentColor;
				CODE_SIGN_STYLE = Automatic;
				CURRENT_PROJECT_VERSION = 1;
				DEVELOPMENT_ASSET_PATHS = "\"Weathe_SwiftUI/Preview Content\"";
				DEVELOPMENT_TEAM = S9H5A5QY2N;
				ENABLE_PREVIEWS = YES;
				GENERATE_INFOPLIST_FILE = YES;
				INFOPLIST_KEY_UIApplicationSceneManifest_Generation = YES;
				INFOPLIST_KEY_UIApplicationSupportsIndirectInputEvents = YES;
				INFOPLIST_KEY_UILaunchScreen_Generation = YES;
				INFOPLIST_KEY_UISupportedInterfaceOrientations_iPad = "UIInterfaceOrientationPortrait UIInterfaceOrientationPortraitUpsideDown UIInterfaceOrientationLandscapeLeft UIInterfaceOrientationLandscapeRight";
				INFOPLIST_KEY_UISupportedInterfaceOrientations_iPhone = "UIInterfaceOrientationPortrait UIInterfaceOrientationLandscapeLeft UIInterfaceOrientationLandscapeRight";
				LD_RUNPATH_SEARCH_PATHS = (
					"$(inherited)",
					"@executable_path/Frameworks",
				);
				MARKETING_VERSION = 1.0;
				PRODUCT_BUNDLE_IDENTIFIER = "com.terentyev.va.Weathe-SwiftUI";
				PRODUCT_NAME = "$(TARGET_NAME)";
				SWIFT_EMIT_LOC_STRINGS = YES;
				SWIFT_VERSION = 5.0;
				TARGETED_DEVICE_FAMILY = "1,2";
			};
			name = Release;
		};
/* End XCBuildConfiguration section */

/* Begin XCConfigurationList section */
		0A3AB16828A36D8000D12784 /* Build configuration list for PBXProject "Weathe_SwiftUI" */ = {
			isa = XCConfigurationList;
			buildConfigurations = (
				0A3AB17928A36D8200D12784 /* Debug */,
				0A3AB17A28A36D8200D12784 /* Release */,
			);
			defaultConfigurationIsVisible = 0;
			defaultConfigurationName = Release;
		};
		0A3AB17B28A36D8200D12784 /* Build configuration list for PBXNativeTarget "Weathe_SwiftUI" */ = {
			isa = XCConfigurationList;
			buildConfigurations = (
				0A3AB17C28A36D8200D12784 /* Debug */,
				0A3AB17D28A36D8200D12784 /* Release */,
			);
			defaultConfigurationIsVisible = 0;
			defaultConfigurationName = Release;
		};
/* End XCConfigurationList section */

/* Begin XCRemoteSwiftPackageReference section */
		0A3AB18D28A3FD2D00D12784 /* XCRemoteSwiftPackageReference "bottomSheet" */ = {
			isa = XCRemoteSwiftPackageReference;
			repositoryURL = "https://github.com/wouter125/bottomSheet";
			requirement = {
				branch = main;
				kind = branch;
			};
		};
/* End XCRemoteSwiftPackageReference section */

/* Begin XCSwiftPackageProductDependency section */
		0A3AB18E28A3FD2D00D12784 /* BottomSheet */ = {
			isa = XCSwiftPackageProductDependency;
			package = 0A3AB18D28A3FD2D00D12784 /* XCRemoteSwiftPackageReference "bottomSheet" */;
			productName = BottomSheet;
		};
/* End XCSwiftPackageProductDependency section */
	};
	rootObject = 0A3AB16528A36D8000D12784 /* Project object */;
}
